
Microsoft Visual Studio Solution File, Format Version 12.00
Project("{FAE04EC0-301F-11D3-BF4B-00C04F79EFBC}") = "AuthServer.API", "AuthServer.API\AuthServer.API.csproj", "{066E890B-AC1E-46EB-8B3C-EBD51B0DEBBB}"
EndProject
Project("{FAE04EC0-301F-11D3-BF4B-00C04F79EFBC}") = "AuthServer.Core", "AuthServer.Core\AuthServer.Core.csproj", "{ED49ABF8-F159-4D00-B384-C84C2ECA3066}"
EndProject
Project("{FAE04EC0-301F-11D3-BF4B-00C04F79EFBC}") = "AuthServer.Data", "AuthServer.Data\AuthServer.Data.csproj", "{A39A32DE-6D15-4058-8175-4FBC25B64CCD}"
EndProject
Project("{FAE04EC0-301F-11D3-BF4B-00C04F79EFBC}") = "AuthServer.Service", "AuthServer.Service\AuthServer.Service.csproj", "{E59FC939-F39D-4EFF-9F2B-D9C48D11F1E5}"
EndProject
Global
	GlobalSection(SolutionConfigurationPlatforms) = preSolution
		Debug|Any CPU = Debug|Any CPU
		Release|Any CPU = Release|Any CPU
	EndGlobalSection
	GlobalSection(ProjectConfigurationPlatforms) = postSolution
		{066E890B-AC1E-46EB-8B3C-EBD51B0DEBBB}.Debug|Any CPU.ActiveCfg = Debug|Any CPU
		{066E890B-AC1E-46EB-8B3C-EBD51B0DEBBB}.Debug|Any CPU.Build.0 = Debug|Any CPU
		{066E890B-AC1E-46EB-8B3C-EBD51B0DEBBB}.Release|Any CPU.ActiveCfg = Release|Any CPU
		{066E890B-AC1E-46EB-8B3C-EBD51B0DEBBB}.Release|Any CPU.Build.0 = Release|Any CPU
		{ED49ABF8-F159-4D00-B384-C84C2ECA3066}.Debug|Any CPU.ActiveCfg = Debug|Any CPU
		{ED49ABF8-F159-4D00-B384-C84C2ECA3066}.Debug|Any CPU.Build.0 = Debug|Any CPU
		{ED49ABF8-F159-4D00-B384-C84C2ECA3066}.Release|Any CPU.ActiveCfg = Release|Any CPU
		{ED49ABF8-F159-4D00-B384-C84C2ECA3066}.Release|Any CPU.Build.0 = Release|Any CPU
		{A39A32DE-6D15-4058-8175-4FBC25B64CCD}.Debug|Any CPU.ActiveCfg = Debug|Any CPU
		{A39A32DE-6D15-4058-8175-4FBC25B64CCD}.Debug|Any CPU.Build.0 = Debug|Any CPU
		{A39A32DE-6D15-4058-8175-4FBC25B64CCD}.Release|Any CPU.ActiveCfg = Release|Any CPU
		{A39A32DE-6D15-4058-8175-4FBC25B64CCD}.Release|Any CPU.Build.0 = Release|Any CPU
		{E59FC939-F39D-4EFF-9F2B-D9C48D11F1E5}.Debug|Any CPU.ActiveCfg = Debug|Any CPU
		{E59FC939-F39D-4EFF-9F2B-D9C48D11F1E5}.Debug|Any CPU.Build.0 = Debug|Any CPU
		{E59FC939-F39D-4EFF-9F2B-D9C48D11F1E5}.Release|Any CPU.ActiveCfg = Release|Any CPU
		{E59FC939-F39D-4EFF-9F2B-D9C48D11F1E5}.Release|Any CPU.Build.0 = Release|Any CPU
	EndGlobalSection
EndGlobal
